{
  "name": "bufio",
  "version": "1.2.1",
  "lockfileVersion": 3,
  "requires": true,
  "packages": {
    "": {
      "name": "bufio",
      "version": "1.2.1",
      "license": "MIT",
      "dependencies": {
        "bn.js": "^5.2.1"
      },
      "devDependencies": {
        "bmocha": "git+https://github.com/raptoracle/bmocha.git",
        "bts-type-deps": "git+https://github.com/raptoracle/bts-type-deps.git"
      },
      "engines": {
        "node": ">=14.0.0"
      }
    },
    "node_modules/bmocha": {
      "version": "2.2.0",
      "resolved": "git+ssh://git@github.com/raptoracle/bmocha.git#d1d31fefe5b415e5dea8f56c14afc04dd53dda58",
      "dev": true,
      "bin": {
        "_bmocha": "bin/_bmocha",
        "bmocha": "bin/bmocha"
      },
      "engines": {
        "node": ">=8.0.0"
      }
    },
    "node_modules/bn.js": {
      "version": "5.2.1",
      "resolved": "https://registry.npmjs.org/bn.js/-/bn.js-5.2.1.tgz",
      "integrity": "sha512-eXRvHzWyYPBuB4NBy0cmYQjGitUrtqwbvlzP3G6VFnNRbsZQIxQ10PbKKHt8gZ/HW/D/747aDl+QkDqg3KQLMQ=="
    },
    "node_modules/bts-type-deps": {
      "version": "0.0.3",
      "resolved": "git+ssh://git@github.com/raptoracle/bts-type-deps.git#6793b0dda37cc3b07971db9f6f4be8568d4c2e86",
      "dev": true
    }
  }
}
